
Microsoft Visual Studio Solution File, Format Version 12.00
# Visual Studio Version 16
VisualStudioVersion = 16.0.31025.194
MinimumVisualStudioVersion = 10.0.40219.1
Project("{FAE04EC0-301F-11D3-BF4B-00C04F79EFBC}") = "Jumoo.TranslationManager.NoneTranslatableText", "Jumoo.TranslationManager.NoneTranslatableText\Jumoo.TranslationManager.NoneTranslatableText.csproj", "{DF84545A-63BA-488D-930F-73DC66D651F5}"
EndProject
Project("{FAE04EC0-301F-11D3-BF4B-00C04F79EFBC}") = "Jumoo.PropertyEditorSite", "Jumoo.PropertyEditorSite\Jumoo.PropertyEditorSite.csproj", "{D4DDC1FA-9008-487E-9CAA-69A991AD43D1}"
EndProject
Global
	GlobalSection(SolutionConfigurationPlatforms) = preSolution
		Debug|Any CPU = Debug|Any CPU
		Release|Any CPU = Release|Any CPU
	EndGlobalSection
	GlobalSection(ProjectConfigurationPlatforms) = postSolution
		{DF84545A-63BA-488D-930F-73DC66D651F5}.Debug|Any CPU.ActiveCfg = Debug|Any CPU
		{DF84545A-63BA-488D-930F-73DC66D651F5}.Debug|Any CPU.Build.0 = Debug|Any CPU
		{DF84545A-63BA-488D-930F-73DC66D651F5}.Release|Any CPU.ActiveCfg = Release|Any CPU
		{DF84545A-63BA-488D-930F-73DC66D651F5}.Release|Any CPU.Build.0 = Release|Any CPU
		{D4DDC1FA-9008-487E-9CAA-69A991AD43D1}.Debug|Any CPU.ActiveCfg = Debug|Any CPU
		{D4DDC1FA-9008-487E-9CAA-69A991AD43D1}.Debug|Any CPU.Build.0 = Debug|Any CPU
		{D4DDC1FA-9008-487E-9CAA-69A991AD43D1}.Release|Any CPU.ActiveCfg = Release|Any CPU
		{D4DDC1FA-9008-487E-9CAA-69A991AD43D1}.Release|Any CPU.Build.0 = Release|Any CPU
	EndGlobalSection
	GlobalSection(SolutionProperties) = preSolution
		HideSolutionNode = FALSE
	EndGlobalSection
	GlobalSection(ExtensibilityGlobals) = postSolution
		SolutionGuid = {6A7D24E7-6F29-46BC-9E32-1BC31FDC7658}
	EndGlobalSection
EndGlobal
